// !$*UTF8*$!
{
	archiveVersion = 1;
	classes = {
	};
	objectVersion = 46;
	objects = {

/* Begin PBXBuildFile section */
		671BCCFE1D6ECD4F001958CC /* LoginViewController.swift in Sources */ = {isa = PBXBuildFile; fileRef = 671BCCFD1D6ECD4F001958CC /* LoginViewController.swift */; };
		671BCD001D6EE237001958CC /* GoogleService-Info.plist in Resources */ = {isa = PBXBuildFile; fileRef = 671BCCFF1D6EE237001958CC /* GoogleService-Info.plist */; };
		672350EA1D6B5C9F009146D0 /* AppDelegate.swift in Sources */ = {isa = PBXBuildFile; fileRef = 672350E91D6B5C9F009146D0 /* AppDelegate.swift */; };
		672350EC1D6B5C9F009146D0 /* FeedViewController.swift in Sources */ = {isa = PBXBuildFile; fileRef = 672350EB1D6B5C9F009146D0 /* FeedViewController.swift */; };
		672350F21D6B5C9F009146D0 /* Diary.xcdatamodeld in Sources */ = {isa = PBXBuildFile; fileRef = 672350F01D6B5C9F009146D0 /* Diary.xcdatamodeld */; };
		672350F41D6B5C9F009146D0 /* Assets.xcassets in Resources */ = {isa = PBXBuildFile; fileRef = 672350F31D6B5C9F009146D0 /* Assets.xcassets */; };
		672350F71D6B5C9F009146D0 /* LaunchScreen.storyboard in Resources */ = {isa = PBXBuildFile; fileRef = 672350F51D6B5C9F009146D0 /* LaunchScreen.storyboard */; };
		672350FF1D6BACDE009146D0 /* AddPostViewController.swift in Sources */ = {isa = PBXBuildFile; fileRef = 672350FE1D6BACDE009146D0 /* AddPostViewController.swift */; };
		676002E91D7136D9003C4057 /* loginViewControllerController.swift in Sources */ = {isa = PBXBuildFile; fileRef = 676002E81D7136D9003C4057 /* loginViewControllerController.swift */; };
		676002EB1D72EBA1003C4057 /* AlbumCustomCell.swift in Sources */ = {isa = PBXBuildFile; fileRef = 676002EA1D72EBA1003C4057 /* AlbumCustomCell.swift */; };
		676002EE1D737D4F003C4057 /* User.swift in Sources */ = {isa = PBXBuildFile; fileRef = 676002ED1D737D4F003C4057 /* User.swift */; };
		676002F11D738316003C4057 /* Extensions.swift in Sources */ = {isa = PBXBuildFile; fileRef = 676002F01D738316003C4057 /* Extensions.swift */; };
		676002F31D741FD7003C4057 /* Album.swift in Sources */ = {isa = PBXBuildFile; fileRef = 676002F21D741FD7003C4057 /* Album.swift */; };
		6770E5961D6BF25E00261D1F /* AddPostViewControllerHandler.swift in Sources */ = {isa = PBXBuildFile; fileRef = 6770E5951D6BF25E00261D1F /* AddPostViewControllerHandler.swift */; };
		6790C3FE1D6D0BC100418C03 /* customTabBarController.swift in Sources */ = {isa = PBXBuildFile; fileRef = 6790C3FD1D6D0BC100418C03 /* customTabBarController.swift */; };
		6790C4001D6D0F6800418C03 /* SettingViewController.swift in Sources */ = {isa = PBXBuildFile; fileRef = 6790C3FF1D6D0F6800418C03 /* SettingViewController.swift */; };
		67DFFE021D6D64C4005BC857 /* AlbumCollectionViewController.swift in Sources */ = {isa = PBXBuildFile; fileRef = 67DFFE011D6D64C4005BC857 /* AlbumCollectionViewController.swift */; };
		6F76911EDC787200BC0EC63B /* Pods_Diary.framework in Frameworks */ = {isa = PBXBuildFile; fileRef = DDF418E1A58B7A6059847D0E /* Pods_Diary.framework */; };
/* End PBXBuildFile section */

/* Begin PBXFileReference section */
		4C42B6EFF8B80329C2432D8D /* Pods-Diary.debug.xcconfig */ = {isa = PBXFileReference; includeInIndex = 1; lastKnownFileType = text.xcconfig; name = "Pods-Diary.debug.xcconfig"; path = "Pods/Target Support Files/Pods-Diary/Pods-Diary.debug.xcconfig"; sourceTree = "<group>"; };
		671BCCFD1D6ECD4F001958CC /* LoginViewController.swift */ = {isa = PBXFileReference; fileEncoding = 4; lastKnownFileType = sourcecode.swift; path = LoginViewController.swift; sourceTree = "<group>"; };
		671BCCFF1D6EE237001958CC /* GoogleService-Info.plist */ = {isa = PBXFileReference; fileEncoding = 4; lastKnownFileType = text.plist.xml; path = "GoogleService-Info.plist"; sourceTree = "<group>"; };
		672350E61D6B5C9F009146D0 /* Diary.app */ = {isa = PBXFileReference; explicitFileType = wrapper.application; includeInIndex = 0; path = Diary.app; sourceTree = BUILT_PRODUCTS_DIR; };
		672350E91D6B5C9F009146D0 /* AppDelegate.swift */ = {isa = PBXFileReference; lastKnownFileType = sourcecode.swift; path = AppDelegate.swift; sourceTree = "<group>"; };
		672350EB1D6B5C9F009146D0 /* FeedViewController.swift */ = {isa = PBXFileReference; lastKnownFileType = sourcecode.swift; path = FeedViewController.swift; sourceTree = "<group>"; };
		672350F11D6B5C9F009146D0 /* Diary.xcdatamodel */ = {isa = PBXFileReference; lastKnownFileType = wrapper.xcdatamodel; path = Diary.xcdatamodel; sourceTree = "<group>"; };
		672350F31D6B5C9F009146D0 /* Assets.xcassets */ = {isa = PBXFileReference; lastKnownFileType = folder.assetcatalog; path = Assets.xcassets; sourceTree = "<group>"; };
		672350F61D6B5C9F009146D0 /* Base */ = {isa = PBXFileReference; lastKnownFileType = file.storyboard; name = Base; path = Base.lproj/LaunchScreen.storyboard; sourceTree = "<group>"; };
		672350F81D6B5C9F009146D0 /* Info.plist */ = {isa = PBXFileReference; lastKnownFileType = text.plist.xml; path = Info.plist; sourceTree = "<group>"; };
		672350FE1D6BACDE009146D0 /* AddPostViewController.swift */ = {isa = PBXFileReference; fileEncoding = 4; lastKnownFileType = sourcecode.swift; path = AddPostViewController.swift; sourceTree = "<group>"; };
		676002E81D7136D9003C4057 /* loginViewControllerController.swift */ = {isa = PBXFileReference; fileEncoding = 4; lastKnownFileType = sourcecode.swift; path = loginViewControllerController.swift; sourceTree = "<group>"; };
		676002EA1D72EBA1003C4057 /* AlbumCustomCell.swift */ = {isa = PBXFileReference; fileEncoding = 4; lastKnownFileType = sourcecode.swift; path = AlbumCustomCell.swift; sourceTree = "<group>"; };
		676002ED1D737D4F003C4057 /* User.swift */ = {isa = PBXFileReference; fileEncoding = 4; lastKnownFileType = sourcecode.swift; path = User.swift; sourceTree = "<group>"; };
		676002F01D738316003C4057 /* Extensions.swift */ = {isa = PBXFileReference; fileEncoding = 4; lastKnownFileType = sourcecode.swift; path = Extensions.swift; sourceTree = "<group>"; };
		676002F21D741FD7003C4057 /* Album.swift */ = {isa = PBXFileReference; fileEncoding = 4; lastKnownFileType = sourcecode.swift; path = Album.swift; sourceTree = "<group>"; };
		6770E5951D6BF25E00261D1F /* AddPostViewControllerHandler.swift */ = {isa = PBXFileReference; fileEncoding = 4; lastKnownFileType = sourcecode.swift; path = AddPostViewControllerHandler.swift; sourceTree = "<group>"; };
		6790C3FD1D6D0BC100418C03 /* customTabBarController.swift */ = {isa = PBXFileReference; fileEncoding = 4; lastKnownFileType = sourcecode.swift; path = customTabBarController.swift; sourceTree = "<group>"; };
		6790C3FF1D6D0F6800418C03 /* SettingViewController.swift */ = {isa = PBXFileReference; fileEncoding = 4; lastKnownFileType = sourcecode.swift; path = SettingViewController.swift; sourceTree = "<group>"; };
		67DFFE011D6D64C4005BC857 /* AlbumCollectionViewController.swift */ = {isa = PBXFileReference; fileEncoding = 4; lastKnownFileType = sourcecode.swift; path = AlbumCollectionViewController.swift; sourceTree = "<group>"; };
		77889A9195A5D916C16B3E2D /* Pods-Diary.release.xcconfig */ = {isa = PBXFileReference; includeInIndex = 1; lastKnownFileType = text.xcconfig; name = "Pods-Diary.release.xcconfig"; path = "Pods/Target Support Files/Pods-Diary/Pods-Diary.release.xcconfig"; sourceTree = "<group>"; };
		DDF418E1A58B7A6059847D0E /* Pods_Diary.framework */ = {isa = PBXFileReference; explicitFileType = wrapper.framework; includeInIndex = 0; path = Pods_Diary.framework; sourceTree = BUILT_PRODUCTS_DIR; };
/* End PBXFileReference section */

/* Begin PBXFrameworksBuildPhase section */
		672350E31D6B5C9F009146D0 /* Frameworks */ = {
			isa = PBXFrameworksBuildPhase;
			buildActionMask = 2147483647;
			files = (
				6F76911EDC787200BC0EC63B /* Pods_Diary.framework in Frameworks */,
			);
			runOnlyForDeploymentPostprocessing = 0;
		};
/* End PBXFrameworksBuildPhase section */

/* Begin PBXGroup section */
		671BCCFC1D6ECD1A001958CC /* Controller */ = {
			isa = PBXGroup;
			children = (
				67DFFE011D6D64C4005BC857 /* AlbumCollectionViewController.swift */,
				672350EB1D6B5C9F009146D0 /* FeedViewController.swift */,
				672350FE1D6BACDE009146D0 /* AddPostViewController.swift */,
				6770E5951D6BF25E00261D1F /* AddPostViewControllerHandler.swift */,
				6790C3FF1D6D0F6800418C03 /* SettingViewController.swift */,
				671BCCFD1D6ECD4F001958CC /* LoginViewController.swift */,
				676002E81D7136D9003C4057 /* loginViewControllerController.swift */,
			);
			name = Controller;
			sourceTree = "<group>";
		};
		672350DD1D6B5C9F009146D0 = {
			isa = PBXGroup;
			children = (
				672350E81D6B5C9F009146D0 /* Diary */,
				672350E71D6B5C9F009146D0 /* Products */,
				ED5309375C3E09C7F656A95B /* Pods */,
				A673EA986DE5C6913168B3B5 /* Frameworks */,
			);
			sourceTree = "<group>";
		};
		672350E71D6B5C9F009146D0 /* Products */ = {
			isa = PBXGroup;
			children = (
				672350E61D6B5C9F009146D0 /* Diary.app */,
			);
			name = Products;
			sourceTree = "<group>";
		};
		672350E81D6B5C9F009146D0 /* Diary */ = {
			isa = PBXGroup;
			children = (
				676002EF1D7382FB003C4057 /* Extensions */,
				676002EC1D737D2A003C4057 /* Model */,
				671BCCFC1D6ECD1A001958CC /* Controller */,
				672350E91D6B5C9F009146D0 /* AppDelegate.swift */,
				672350F31D6B5C9F009146D0 /* Assets.xcassets */,
				672350F51D6B5C9F009146D0 /* LaunchScreen.storyboard */,
				672350F81D6B5C9F009146D0 /* Info.plist */,
				672350F01D6B5C9F009146D0 /* Diary.xcdatamodeld */,
				6790C3FD1D6D0BC100418C03 /* customTabBarController.swift */,
				671BCCFF1D6EE237001958CC /* GoogleService-Info.plist */,
				676002EA1D72EBA1003C4057 /* AlbumCustomCell.swift */,
			);
			path = Diary;
			sourceTree = "<group>";
		};
		676002EC1D737D2A003C4057 /* Model */ = {
			isa = PBXGroup;
			children = (
				676002ED1D737D4F003C4057 /* User.swift */,
				676002F21D741FD7003C4057 /* Album.swift */,
			);
			name = Model;
			sourceTree = "<group>";
		};
		676002EF1D7382FB003C4057 /* Extensions */ = {
			isa = PBXGroup;
			children = (
				676002F01D738316003C4057 /* Extensions.swift */,
			);
			name = Extensions;
			sourceTree = "<group>";
		};
		A673EA986DE5C6913168B3B5 /* Frameworks */ = {
			isa = PBXGroup;
			children = (
				DDF418E1A58B7A6059847D0E /* Pods_Diary.framework */,
			);
			name = Frameworks;
			sourceTree = "<group>";
		};
		ED5309375C3E09C7F656A95B /* Pods */ = {
			isa = PBXGroup;
			children = (
				4C42B6EFF8B80329C2432D8D /* Pods-Diary.debug.xcconfig */,
				77889A9195A5D916C16B3E2D /* Pods-Diary.release.xcconfig */,
			);
			name = Pods;
			sourceTree = "<group>";
		};
/* End PBXGroup section */

/* Begin PBXNativeTarget section */
		672350E51D6B5C9F009146D0 /* Diary */ = {
			isa = PBXNativeTarget;
			buildConfigurationList = 672350FB1D6B5C9F009146D0 /* Build configuration list for PBXNativeTarget "Diary" */;
			buildPhases = (
				265D371C4F94C71BE4262919 /* [CP] Check Pods Manifest.lock */,
				672350E21D6B5C9F009146D0 /* Sources */,
				672350E31D6B5C9F009146D0 /* Frameworks */,
				672350E41D6B5C9F009146D0 /* Resources */,
				F034A04FC5691FAC8BED4B29 /* [CP] Embed Pods Frameworks */,
				0EB9D7594FCF005024EC827D /* [CP] Copy Pods Resources */,
			);
			buildRules = (
			);
			dependencies = (
			);
			name = Diary;
			productName = Diary;
			productReference = 672350E61D6B5C9F009146D0 /* Diary.app */;
			productType = "com.apple.product-type.application";
		};
/* End PBXNativeTarget section */

/* Begin PBXProject section */
		672350DE1D6B5C9F009146D0 /* Project object */ = {
			isa = PBXProject;
			attributes = {
				LastSwiftUpdateCheck = 0730;
				LastUpgradeCheck = 0730;
				ORGANIZATIONNAME = Dharamvir;
				TargetAttributes = {
					672350E51D6B5C9F009146D0 = {
						CreatedOnToolsVersion = 7.3.1;
						DevelopmentTeam = KRKLF7GG63;
					};
				};
			};
			buildConfigurationList = 672350E11D6B5C9F009146D0 /* Build configuration list for PBXProject "Diary" */;
			compatibilityVersion = "Xcode 3.2";
			developmentRegion = English;
			hasScannedForEncodings = 0;
			knownRegions = (
				en,
				Base,
			);
			mainGroup = 672350DD1D6B5C9F009146D0;
			productRefGroup = 672350E71D6B5C9F009146D0 /* Products */;
			projectDirPath = "";
			projectRoot = "";
			targets = (
				672350E51D6B5C9F009146D0 /* Diary */,
			);
		};
/* End PBXProject section */

/* Begin PBXResourcesBuildPhase section */
		672350E41D6B5C9F009146D0 /* Resources */ = {
			isa = PBXResourcesBuildPhase;
			buildActionMask = 2147483647;
			files = (
				672350F71D6B5C9F009146D0 /* LaunchScreen.storyboard in Resources */,
				672350F41D6B5C9F009146D0 /* Assets.xcassets in Resources */,
				671BCD001D6EE237001958CC /* GoogleService-Info.plist in Resources */,
			);
			runOnlyForDeploymentPostprocessing = 0;
		};
/* End PBXResourcesBuildPhase section */

/* Begin PBXShellScriptBuildPhase section */
		0EB9D7594FCF005024EC827D /* [CP] Copy Pods Resources */ = {
			isa = PBXShellScriptBuildPhase;
			buildActionMask = 2147483647;
			files = (
			);
			inputPaths = (
			);
			name = "[CP] Copy Pods Resources";
			outputPaths = (
			);
			runOnlyForDeploymentPostprocessing = 0;
			shellPath = /bin/sh;
			shellScript = "\"${SRCROOT}/Pods/Target Support Files/Pods-Diary/Pods-Diary-resources.sh\"\n";
			showEnvVarsInLog = 0;
		};
		265D371C4F94C71BE4262919 /* [CP] Check Pods Manifest.lock */ = {
			isa = PBXShellScriptBuildPhase;
			buildActionMask = 2147483647;
			files = (
			);
			inputPaths = (
			);
			name = "[CP] Check Pods Manifest.lock";
			outputPaths = (
			);
			runOnlyForDeploymentPostprocessing = 0;
			shellPath = /bin/sh;
			shellScript = "diff \"${PODS_ROOT}/../Podfile.lock\" \"${PODS_ROOT}/Manifest.lock\" > /dev/null\nif [[ $? != 0 ]] ; then\n    cat << EOM\nerror: The sandbox is not in sync with the Podfile.lock. Run 'pod install' or update your CocoaPods installation.\nEOM\n    exit 1\nfi\n";
			showEnvVarsInLog = 0;
		};
		F034A04FC5691FAC8BED4B29 /* [CP] Embed Pods Frameworks */ = {
			isa = PBXShellScriptBuildPhase;
			buildActionMask = 2147483647;
			files = (
			);
			inputPaths = (
			);
			name = "[CP] Embed Pods Frameworks";
			outputPaths = (
			);
			runOnlyForDeploymentPostprocessing = 0;
			shellPath = /bin/sh;
			shellScript = "\"${SRCROOT}/Pods/Target Support Files/Pods-Diary/Pods-Diary-frameworks.sh\"\n";
			showEnvVarsInLog = 0;
		};
/* End PBXShellScriptBuildPhase section */

/* Begin PBXSourcesBuildPhase section */
		672350E21D6B5C9F009146D0 /* Sources */ = {
			isa = PBXSourcesBuildPhase;
			buildActionMask = 2147483647;
			files = (
				67DFFE021D6D64C4005BC857 /* AlbumCollectionViewController.swift in Sources */,
				676002F11D738316003C4057 /* Extensions.swift in Sources */,
				672350FF1D6BACDE009146D0 /* AddPostViewController.swift in Sources */,
				672350F21D6B5C9F009146D0 /* Diary.xcdatamodeld in Sources */,
				676002EE1D737D4F003C4057 /* User.swift in Sources */,
				676002F31D741FD7003C4057 /* Album.swift in Sources */,
				6790C3FE1D6D0BC100418C03 /* customTabBarController.swift in Sources */,
				672350EC1D6B5C9F009146D0 /* FeedViewController.swift in Sources */,
				676002EB1D72EBA1003C4057 /* AlbumCustomCell.swift in Sources */,
				6790C4001D6D0F6800418C03 /* SettingViewController.swift in Sources */,
				676002E91D7136D9003C4057 /* loginViewControllerController.swift in Sources */,
				6770E5961D6BF25E00261D1F /* AddPostViewControllerHandler.swift in Sources */,
				672350EA1D6B5C9F009146D0 /* AppDelegate.swift in Sources */,
				671BCCFE1D6ECD4F001958CC /* LoginViewController.swift in Sources */,
			);
			runOnlyForDeploymentPostprocessing = 0;
		};
/* End PBXSourcesBuildPhase section */

/* Begin PBXVariantGroup section */
		672350F51D6B5C9F009146D0 /* LaunchScreen.storyboard */ = {
			isa = PBXVariantGroup;
			children = (
				672350F61D6B5C9F009146D0 /* Base */,
			);
			name = LaunchScreen.storyboard;
			sourceTree = "<group>";
		};
/* End PBXVariantGroup section */

/* Begin XCBuildConfiguration section */
		672350F91D6B5C9F009146D0 /* Debug */ = {
			isa = XCBuildConfiguration;
			buildSettings = {
				ALWAYS_SEARCH_USER_PATHS = NO;
				CLANG_ANALYZER_NONNULL = YES;
				CLANG_CXX_LANGUAGE_STANDARD = "gnu++0x";
				CLANG_CXX_LIBRARY = "libc++";
				CLANG_ENABLE_MODULES = YES;
				CLANG_ENABLE_OBJC_ARC = YES;
				CLANG_WARN_BOOL_CONVERSION = YES;
				CLANG_WARN_CONSTANT_CONVERSION = YES;
				CLANG_WARN_DIRECT_OBJC_ISA_USAGE = YES_ERROR;
				CLANG_WARN_EMPTY_BODY = YES;
				CLANG_WARN_ENUM_CONVERSION = YES;
				CLANG_WARN_INT_CONVERSION = YES;
				CLANG_WARN_OBJC_ROOT_CLASS = YES_ERROR;
				CLANG_WARN_UNREACHABLE_CODE = YES;
				CLANG_WARN__DUPLICATE_METHOD_MATCH = YES;
				"CODE_SIGN_IDENTITY[sdk=iphoneos*]" = "iPhone Developer";
				COPY_PHASE_STRIP = NO;
				DEBUG_INFORMATION_FORMAT = dwarf;
				ENABLE_STRICT_OBJC_MSGSEND = YES;
				ENABLE_TESTABILITY = YES;
				GCC_C_LANGUAGE_STANDARD = gnu99;
				GCC_DYNAMIC_NO_PIC = NO;
				GCC_NO_COMMON_BLOCKS = YES;
				GCC_OPTIMIZATION_LEVEL = 0;
				GCC_PREPROCESSOR_DEFINITIONS = (
					"DEBUG=1",
					"$(inherited)",
				);
				GCC_WARN_64_TO_32_BIT_CONVERSION = YES;
				GCC_WARN_ABOUT_RETURN_TYPE = YES_ERROR;
				GCC_WARN_UNDECLARED_SELECTOR = YES;
				GCC_WARN_UNINITIALIZED_AUTOS = YES_AGGRESSIVE;
				GCC_WARN_UNUSED_FUNCTION = YES;
				GCC_WARN_UNUSED_VARIABLE = YES;
				IPHONEOS_DEPLOYMENT_TARGET = 9.3;
				MTL_ENABLE_DEBUG_INFO = YES;
				ONLY_ACTIVE_ARCH = YES;
				SDKROOT = iphoneos;
				SWIFT_OPTIMIZATION_LEVEL = "-Onone";
			};
			name = Debug;
		};
		672350FA1D6B5C9F009146D0 /* Release */ = {
			isa = XCBuildConfiguration;
			buildSettings = {
				ALWAYS_SEARCH_USER_PATHS = NO;
				CLANG_ANALYZER_NONNULL = YES;
				CLANG_CXX_LANGUAGE_STANDARD = "gnu++0x";
				CLANG_CXX_LIBRARY = "libc++";
				CLANG_ENABLE_MODULES = YES;
				CLANG_ENABLE_OBJC_ARC = YES;
				CLANG_WARN_BOOL_CONVERSION = YES;
				CLANG_WARN_CONSTANT_CONVERSION = YES;
				CLANG_WARN_DIRECT_OBJC_ISA_USAGE = YES_ERROR;
				CLANG_WARN_EMPTY_BODY = YES;
				CLANG_WARN_ENUM_CONVERSION = YES;
				CLANG_WARN_INT_CONVERSION = YES;
				CLANG_WARN_OBJC_ROOT_CLASS = YES_ERROR;
				CLANG_WARN_UNREACHABLE_CODE = YES;
				CLANG_WARN__DUPLICATE_METHOD_MATCH = YES;
				"CODE_SIGN_IDENTITY[sdk=iphoneos*]" = "iPhone Developer";
				COPY_PHASE_STRIP = NO;
				DEBUG_INFORMATION_FORMAT = "dwarf-with-dsym";
				ENABLE_NS_ASSERTIONS = NO;
				ENABLE_STRICT_OBJC_MSGSEND = YES;
				GCC_C_LANGUAGE_STANDARD = gnu99;
				GCC_NO_COMMON_BLOCKS = YES;
				GCC_WARN_64_TO_32_BIT_CONVERSION = YES;
				GCC_WARN_ABOUT_RETURN_TYPE = YES_ERROR;
				GCC_WARN_UNDECLARED_SELECTOR = YES;
				GCC_WARN_UNINITIALIZED_AUTOS = YES_AGGRESSIVE;
				GCC_WARN_UNUSED_FUNCTION = YES;
				GCC_WARN_UNUSED_VARIABLE = YES;
				IPHONEOS_DEPLOYMENT_TARGET = 9.3;
				MTL_ENABLE_DEBUG_INFO = NO;
				SDKROOT = iphoneos;
				VALIDATE_PRODUCT = YES;
			};
			name = Release;
		};
		672350FC1D6B5C9F009146D0 /* Debug */ = {
			isa = XCBuildConfiguration;
			baseConfigurationReference = 4C42B6EFF8B80329C2432D8D /* Pods-Diary.debug.xcconfig */;
			buildSettings = {
				ASSETCATALOG_COMPILER_APPICON_NAME = AppIcon;
				INFOPLIST_FILE = Diary/Info.plist;
				LD_RUNPATH_SEARCH_PATHS = "$(inherited) @executable_path/Frameworks";
				PRODUCT_BUNDLE_IDENTIFIER = com.dharamvir.Diary;
				PRODUCT_NAME = "$(TARGET_NAME)";
			};
			name = Debug;
		};
		672350FD1D6B5C9F009146D0 /* Release */ = {
			isa = XCBuildConfiguration;
			baseConfigurationReference = 77889A9195A5D916C16B3E2D /* Pods-Diary.release.xcconfig */;
			buildSettings = {
				ASSETCATALOG_COMPILER_APPICON_NAME = AppIcon;
				INFOPLIST_FILE = Diary/Info.plist;
				LD_RUNPATH_SEARCH_PATHS = "$(inherited) @executable_path/Frameworks";
				PRODUCT_BUNDLE_IDENTIFIER = com.dharamvir.Diary;
				PRODUCT_NAME = "$(TARGET_NAME)";
			};
			name = Release;
		};
/* End XCBuildConfiguration section */

/* Begin XCConfigurationList section */
		672350E11D6B5C9F009146D0 /* Build configuration list for PBXProject "Diary" */ = {
			isa = XCConfigurationList;
			buildConfigurations = (
				672350F91D6B5C9F009146D0 /* Debug */,
				672350FA1D6B5C9F009146D0 /* Release */,
			);
			defaultConfigurationIsVisible = 0;
			defaultConfigurationName = Release;
		};
		672350FB1D6B5C9F009146D0 /* Build configuration list for PBXNativeTarget "Diary" */ = {
			isa = XCConfigurationList;
			buildConfigurations = (
				672350FC1D6B5C9F009146D0 /* Debug */,
				672350FD1D6B5C9F009146D0 /* Release */,
			);
			defaultConfigurationIsVisible = 0;
			defaultConfigurationName = Release;
		};
/* End XCConfigurationList section */

/* Begin XCVersionGroup section */
		672350F01D6B5C9F009146D0 /* Diary.xcdatamodeld */ = {
			isa = XCVersionGroup;
			children = (
				672350F11D6B5C9F009146D0 /* Diary.xcdatamodel */,
			);
			currentVersion = 672350F11D6B5C9F009146D0 /* Diary.xcdatamodel */;
			path = Diary.xcdatamodeld;
			sourceTree = "<group>";
			versionGroupType = wrapper.xcdatamodel;
		};
/* End XCVersionGroup section */
	};
	rootObject = 672350DE1D6B5C9F009146D0 /* Project object */;
}
