// !$*UTF8*$!
{
	archiveVersion = 1;
	classes = {
	};
	objectVersion = 46;
	objects = {

/* Begin PBXBuildFile section */
		672350EA1D6B5C9F009146D0 /* AppDelegate.swift in Sources */ = {isa = PBXBuildFile; fileRef = 672350E91D6B5C9F009146D0 /* AppDelegate.swift */; };
		672350EC1D6B5C9F009146D0 /* ViewController.swift in Sources */ = {isa = PBXBuildFile; fileRef = 672350EB1D6B5C9F009146D0 /* ViewController.swift */; };
		672350F21D6B5C9F009146D0 /* Diary.xcdatamodeld in Sources */ = {isa = PBXBuildFile; fileRef = 672350F01D6B5C9F009146D0 /* Diary.xcdatamodeld */; };
		672350F41D6B5C9F009146D0 /* Assets.xcassets in Resources */ = {isa = PBXBuildFile; fileRef = 672350F31D6B5C9F009146D0 /* Assets.xcassets */; };
		672350F71D6B5C9F009146D0 /* LaunchScreen.storyboard in Resources */ = {isa = PBXBuildFile; fileRef = 672350F51D6B5C9F009146D0 /* LaunchScreen.storyboard */; };
		672350FF1D6BACDE009146D0 /* AddPostViewController.swift in Sources */ = {isa = PBXBuildFile; fileRef = 672350FE1D6BACDE009146D0 /* AddPostViewController.swift */; };
		6770E5961D6BF25E00261D1F /* AddPostViewControllerHandler.swift in Sources */ = {isa = PBXBuildFile; fileRef = 6770E5951D6BF25E00261D1F /* AddPostViewControllerHandler.swift */; };
		6770E5A11D6BFF5200261D1F /* Story+CoreDataProperties.swift in Sources */ = {isa = PBXBuildFile; fileRef = 6770E59F1D6BFF5200261D1F /* Story+CoreDataProperties.swift */; };
		6770E5A21D6BFF5200261D1F /* Story.swift in Sources */ = {isa = PBXBuildFile; fileRef = 6770E5A01D6BFF5200261D1F /* Story.swift */; };
/* End PBXBuildFile section */

/* Begin PBXFileReference section */
		672350E61D6B5C9F009146D0 /* Diary.app */ = {isa = PBXFileReference; explicitFileType = wrapper.application; includeInIndex = 0; path = Diary.app; sourceTree = BUILT_PRODUCTS_DIR; };
		672350E91D6B5C9F009146D0 /* AppDelegate.swift */ = {isa = PBXFileReference; lastKnownFileType = sourcecode.swift; path = AppDelegate.swift; sourceTree = "<group>"; };
		672350EB1D6B5C9F009146D0 /* ViewController.swift */ = {isa = PBXFileReference; lastKnownFileType = sourcecode.swift; path = ViewController.swift; sourceTree = "<group>"; };
		672350F11D6B5C9F009146D0 /* Diary.xcdatamodel */ = {isa = PBXFileReference; lastKnownFileType = wrapper.xcdatamodel; path = Diary.xcdatamodel; sourceTree = "<group>"; };
		672350F31D6B5C9F009146D0 /* Assets.xcassets */ = {isa = PBXFileReference; lastKnownFileType = folder.assetcatalog; path = Assets.xcassets; sourceTree = "<group>"; };
		672350F61D6B5C9F009146D0 /* Base */ = {isa = PBXFileReference; lastKnownFileType = file.storyboard; name = Base; path = Base.lproj/LaunchScreen.storyboard; sourceTree = "<group>"; };
		672350F81D6B5C9F009146D0 /* Info.plist */ = {isa = PBXFileReference; lastKnownFileType = text.plist.xml; path = Info.plist; sourceTree = "<group>"; };
		672350FE1D6BACDE009146D0 /* AddPostViewController.swift */ = {isa = PBXFileReference; fileEncoding = 4; lastKnownFileType = sourcecode.swift; path = AddPostViewController.swift; sourceTree = "<group>"; };
		6770E5951D6BF25E00261D1F /* AddPostViewControllerHandler.swift */ = {isa = PBXFileReference; fileEncoding = 4; lastKnownFileType = sourcecode.swift; path = AddPostViewControllerHandler.swift; sourceTree = "<group>"; };
		6770E59F1D6BFF5200261D1F /* Story+CoreDataProperties.swift */ = {isa = PBXFileReference; fileEncoding = 4; lastKnownFileType = sourcecode.swift; path = "Story+CoreDataProperties.swift"; sourceTree = "<group>"; };
		6770E5A01D6BFF5200261D1F /* Story.swift */ = {isa = PBXFileReference; fileEncoding = 4; lastKnownFileType = sourcecode.swift; path = Story.swift; sourceTree = "<group>"; };
/* End PBXFileReference section */

/* Begin PBXFrameworksBuildPhase section */
		672350E31D6B5C9F009146D0 /* Frameworks */ = {
			isa = PBXFrameworksBuildPhase;
			buildActionMask = 2147483647;
			files = (
			);
			runOnlyForDeploymentPostprocessing = 0;
		};
/* End PBXFrameworksBuildPhase section */

/* Begin PBXGroup section */
		672350DD1D6B5C9F009146D0 = {
			isa = PBXGroup;
			children = (
				672350E81D6B5C9F009146D0 /* Diary */,
				672350E71D6B5C9F009146D0 /* Products */,
			);
			sourceTree = "<group>";
		};
		672350E71D6B5C9F009146D0 /* Products */ = {
			isa = PBXGroup;
			children = (
				672350E61D6B5C9F009146D0 /* Diary.app */,
			);
			name = Products;
			sourceTree = "<group>";
		};
		672350E81D6B5C9F009146D0 /* Diary */ = {
			isa = PBXGroup;
			children = (
				672350E91D6B5C9F009146D0 /* AppDelegate.swift */,
				672350EB1D6B5C9F009146D0 /* ViewController.swift */,
				672350F31D6B5C9F009146D0 /* Assets.xcassets */,
				672350F51D6B5C9F009146D0 /* LaunchScreen.storyboard */,
				672350F81D6B5C9F009146D0 /* Info.plist */,
				672350F01D6B5C9F009146D0 /* Diary.xcdatamodeld */,
				672350FE1D6BACDE009146D0 /* AddPostViewController.swift */,
				6770E5951D6BF25E00261D1F /* AddPostViewControllerHandler.swift */,
				6770E59F1D6BFF5200261D1F /* Story+CoreDataProperties.swift */,
				6770E5A01D6BFF5200261D1F /* Story.swift */,
			);
			path = Diary;
			sourceTree = "<group>";
		};
/* End PBXGroup section */

/* Begin PBXNativeTarget section */
		672350E51D6B5C9F009146D0 /* Diary */ = {
			isa = PBXNativeTarget;
			buildConfigurationList = 672350FB1D6B5C9F009146D0 /* Build configuration list for PBXNativeTarget "Diary" */;
			buildPhases = (
				672350E21D6B5C9F009146D0 /* Sources */,
				672350E31D6B5C9F009146D0 /* Frameworks */,
				672350E41D6B5C9F009146D0 /* Resources */,
			);
			buildRules = (
			);
			dependencies = (
			);
			name = Diary;
			productName = Diary;
			productReference = 672350E61D6B5C9F009146D0 /* Diary.app */;
			productType = "com.apple.product-type.application";
		};
/* End PBXNativeTarget section */

/* Begin PBXProject section */
		672350DE1D6B5C9F009146D0 /* Project object */ = {
			isa = PBXProject;
			attributes = {
				LastSwiftUpdateCheck = 0730;
				LastUpgradeCheck = 0730;
				ORGANIZATIONNAME = Dharamvir;
				TargetAttributes = {
					672350E51D6B5C9F009146D0 = {
						CreatedOnToolsVersion = 7.3.1;
						DevelopmentTeam = KRKLF7GG63;
					};
				};
			};
			buildConfigurationList = 672350E11D6B5C9F009146D0 /* Build configuration list for PBXProject "Diary" */;
			compatibilityVersion = "Xcode 3.2";
			developmentRegion = English;
			hasScannedForEncodings = 0;
			knownRegions = (
				en,
				Base,
			);
			mainGroup = 672350DD1D6B5C9F009146D0;
			productRefGroup = 672350E71D6B5C9F009146D0 /* Products */;
			projectDirPath = "";
			projectRoot = "";
			targets = (
				672350E51D6B5C9F009146D0 /* Diary */,
			);
		};
/* End PBXProject section */

/* Begin PBXResourcesBuildPhase section */
		672350E41D6B5C9F009146D0 /* Resources */ = {
			isa = PBXResourcesBuildPhase;
			buildActionMask = 2147483647;
			files = (
				672350F71D6B5C9F009146D0 /* LaunchScreen.storyboard in Resources */,
				672350F41D6B5C9F009146D0 /* Assets.xcassets in Resources */,
			);
			runOnlyForDeploymentPostprocessing = 0;
		};
/* End PBXResourcesBuildPhase section */

/* Begin PBXSourcesBuildPhase section */
		672350E21D6B5C9F009146D0 /* Sources */ = {
			isa = PBXSourcesBuildPhase;
			buildActionMask = 2147483647;
			files = (
				672350FF1D6BACDE009146D0 /* AddPostViewController.swift in Sources */,
				672350F21D6B5C9F009146D0 /* Diary.xcdatamodeld in Sources */,
				672350EC1D6B5C9F009146D0 /* ViewController.swift in Sources */,
				6770E5A11D6BFF5200261D1F /* Story+CoreDataProperties.swift in Sources */,
				6770E5961D6BF25E00261D1F /* AddPostViewControllerHandler.swift in Sources */,
				672350EA1D6B5C9F009146D0 /* AppDelegate.swift in Sources */,
				6770E5A21D6BFF5200261D1F /* Story.swift in Sources */,
			);
			runOnlyForDeploymentPostprocessing = 0;
		};
/* End PBXSourcesBuildPhase section */

/* Begin PBXVariantGroup section */
		672350F51D6B5C9F009146D0 /* LaunchScreen.storyboard */ = {
			isa = PBXVariantGroup;
			children = (
				672350F61D6B5C9F009146D0 /* Base */,
			);
			name = LaunchScreen.storyboard;
			sourceTree = "<group>";
		};
/* End PBXVariantGroup section */

/* Begin XCBuildConfiguration section */
		672350F91D6B5C9F009146D0 /* Debug */ = {
			isa = XCBuildConfiguration;
			buildSettings = {
				ALWAYS_SEARCH_USER_PATHS = NO;
				CLANG_ANALYZER_NONNULL = YES;
				CLANG_CXX_LANGUAGE_STANDARD = "gnu++0x";
				CLANG_CXX_LIBRARY = "libc++";
				CLANG_ENABLE_MODULES = YES;
				CLANG_ENABLE_OBJC_ARC = YES;
				CLANG_WARN_BOOL_CONVERSION = YES;
				CLANG_WARN_CONSTANT_CONVERSION = YES;
				CLANG_WARN_DIRECT_OBJC_ISA_USAGE = YES_ERROR;
				CLANG_WARN_EMPTY_BODY = YES;
				CLANG_WARN_ENUM_CONVERSION = YES;
				CLANG_WARN_INT_CONVERSION = YES;
				CLANG_WARN_OBJC_ROOT_CLASS = YES_ERROR;
				CLANG_WARN_UNREACHABLE_CODE = YES;
				CLANG_WARN__DUPLICATE_METHOD_MATCH = YES;
				"CODE_SIGN_IDENTITY[sdk=iphoneos*]" = "iPhone Developer";
				COPY_PHASE_STRIP = NO;
				DEBUG_INFORMATION_FORMAT = dwarf;
				ENABLE_STRICT_OBJC_MSGSEND = YES;
				ENABLE_TESTABILITY = YES;
				GCC_C_LANGUAGE_STANDARD = gnu99;
				GCC_DYNAMIC_NO_PIC = NO;
				GCC_NO_COMMON_BLOCKS = YES;
				GCC_OPTIMIZATION_LEVEL = 0;
				GCC_PREPROCESSOR_DEFINITIONS = (
					"DEBUG=1",
					"$(inherited)",
				);
				GCC_WARN_64_TO_32_BIT_CONVERSION = YES;
				GCC_WARN_ABOUT_RETURN_TYPE = YES_ERROR;
				GCC_WARN_UNDECLARED_SELECTOR = YES;
				GCC_WARN_UNINITIALIZED_AUTOS = YES_AGGRESSIVE;
				GCC_WARN_UNUSED_FUNCTION = YES;
				GCC_WARN_UNUSED_VARIABLE = YES;
				IPHONEOS_DEPLOYMENT_TARGET = 9.3;
				MTL_ENABLE_DEBUG_INFO = YES;
				ONLY_ACTIVE_ARCH = YES;
				SDKROOT = iphoneos;
				SWIFT_OPTIMIZATION_LEVEL = "-Onone";
			};
			name = Debug;
		};
		672350FA1D6B5C9F009146D0 /* Release */ = {
			isa = XCBuildConfiguration;
			buildSettings = {
				ALWAYS_SEARCH_USER_PATHS = NO;
				CLANG_ANALYZER_NONNULL = YES;
				CLANG_CXX_LANGUAGE_STANDARD = "gnu++0x";
				CLANG_CXX_LIBRARY = "libc++";
				CLANG_ENABLE_MODULES = YES;
				CLANG_ENABLE_OBJC_ARC = YES;
				CLANG_WARN_BOOL_CONVERSION = YES;
				CLANG_WARN_CONSTANT_CONVERSION = YES;
				CLANG_WARN_DIRECT_OBJC_ISA_USAGE = YES_ERROR;
				CLANG_WARN_EMPTY_BODY = YES;
				CLANG_WARN_ENUM_CONVERSION = YES;
				CLANG_WARN_INT_CONVERSION = YES;
				CLANG_WARN_OBJC_ROOT_CLASS = YES_ERROR;
				CLANG_WARN_UNREACHABLE_CODE = YES;
				CLANG_WARN__DUPLICATE_METHOD_MATCH = YES;
				"CODE_SIGN_IDENTITY[sdk=iphoneos*]" = "iPhone Developer";
				COPY_PHASE_STRIP = NO;
				DEBUG_INFORMATION_FORMAT = "dwarf-with-dsym";
				ENABLE_NS_ASSERTIONS = NO;
				ENABLE_STRICT_OBJC_MSGSEND = YES;
				GCC_C_LANGUAGE_STANDARD = gnu99;
				GCC_NO_COMMON_BLOCKS = YES;
				GCC_WARN_64_TO_32_BIT_CONVERSION = YES;
				GCC_WARN_ABOUT_RETURN_TYPE = YES_ERROR;
				GCC_WARN_UNDECLARED_SELECTOR = YES;
				GCC_WARN_UNINITIALIZED_AUTOS = YES_AGGRESSIVE;
				GCC_WARN_UNUSED_FUNCTION = YES;
				GCC_WARN_UNUSED_VARIABLE = YES;
				IPHONEOS_DEPLOYMENT_TARGET = 9.3;
				MTL_ENABLE_DEBUG_INFO = NO;
				SDKROOT = iphoneos;
				VALIDATE_PRODUCT = YES;
			};
			name = Release;
		};
		672350FC1D6B5C9F009146D0 /* Debug */ = {
			isa = XCBuildConfiguration;
			buildSettings = {
				ASSETCATALOG_COMPILER_APPICON_NAME = AppIcon;
				INFOPLIST_FILE = Diary/Info.plist;
				LD_RUNPATH_SEARCH_PATHS = "$(inherited) @executable_path/Frameworks";
				PRODUCT_BUNDLE_IDENTIFIER = com.dharamvir.Diary;
				PRODUCT_NAME = "$(TARGET_NAME)";
			};
			name = Debug;
		};
		672350FD1D6B5C9F009146D0 /* Release */ = {
			isa = XCBuildConfiguration;
			buildSettings = {
				ASSETCATALOG_COMPILER_APPICON_NAME = AppIcon;
				INFOPLIST_FILE = Diary/Info.plist;
				LD_RUNPATH_SEARCH_PATHS = "$(inherited) @executable_path/Frameworks";
				PRODUCT_BUNDLE_IDENTIFIER = com.dharamvir.Diary;
				PRODUCT_NAME = "$(TARGET_NAME)";
			};
			name = Release;
		};
/* End XCBuildConfiguration section */

/* Begin XCConfigurationList section */
		672350E11D6B5C9F009146D0 /* Build configuration list for PBXProject "Diary" */ = {
			isa = XCConfigurationList;
			buildConfigurations = (
				672350F91D6B5C9F009146D0 /* Debug */,
				672350FA1D6B5C9F009146D0 /* Release */,
			);
			defaultConfigurationIsVisible = 0;
			defaultConfigurationName = Release;
		};
		672350FB1D6B5C9F009146D0 /* Build configuration list for PBXNativeTarget "Diary" */ = {
			isa = XCConfigurationList;
			buildConfigurations = (
				672350FC1D6B5C9F009146D0 /* Debug */,
				672350FD1D6B5C9F009146D0 /* Release */,
			);
			defaultConfigurationIsVisible = 0;
			defaultConfigurationName = Release;
		};
/* End XCConfigurationList section */

/* Begin XCVersionGroup section */
		672350F01D6B5C9F009146D0 /* Diary.xcdatamodeld */ = {
			isa = XCVersionGroup;
			children = (
				672350F11D6B5C9F009146D0 /* Diary.xcdatamodel */,
			);
			currentVersion = 672350F11D6B5C9F009146D0 /* Diary.xcdatamodel */;
			path = Diary.xcdatamodeld;
			sourceTree = "<group>";
			versionGroupType = wrapper.xcdatamodel;
		};
/* End XCVersionGroup section */
	};
	rootObject = 672350DE1D6B5C9F009146D0 /* Project object */;
}
